// !$*UTF8*$!
{
	archiveVersion = 1;
	classes = {
	};
	objectVersion = 56;
	objects = {

/* Begin PBXBuildFile section */
		900E743C29DF254600369FE3 /* SegmentedControl.swift in Sources */ = {isa = PBXBuildFile; fileRef = 900E743B29DF254600369FE3 /* SegmentedControl.swift */; };
		900E743E29DF3BAE00369FE3 /* ForecastModel.swift in Sources */ = {isa = PBXBuildFile; fileRef = 900E743D29DF3BAE00369FE3 /* ForecastModel.swift */; };
		900E744229DF3F1000369FE3 /* ForecastCard.swift in Sources */ = {isa = PBXBuildFile; fileRef = 900E744129DF3F1000369FE3 /* ForecastCard.swift */; };
		90271CE729DCD7B9002DB4CF /* HomeView.swift in Sources */ = {isa = PBXBuildFile; fileRef = 90271CE629DCD7B9002DB4CF /* HomeView.swift */; };
		902C406729DF51F90048BCAC /* NPNavBar.swift in Sources */ = {isa = PBXBuildFile; fileRef = 902C406629DF51F90048BCAC /* NPNavBar.swift */; };
		902C406929DF54300048BCAC /* WeatherDetailView.swift in Sources */ = {isa = PBXBuildFile; fileRef = 902C406829DF54300048BCAC /* WeatherDetailView.swift */; };
		902C406B29DF57F10048BCAC /* WeatherDetailWidget.swift in Sources */ = {isa = PBXBuildFile; fileRef = 902C406A29DF57F10048BCAC /* WeatherDetailWidget.swift */; };
		90715B9A29DCC10100F533C3 /* NorthPoleWeatherApp.swift in Sources */ = {isa = PBXBuildFile; fileRef = 90715B9929DCC10100F533C3 /* NorthPoleWeatherApp.swift */; };
		90715B9C29DCC10100F533C3 /* ContentView.swift in Sources */ = {isa = PBXBuildFile; fileRef = 90715B9B29DCC10100F533C3 /* ContentView.swift */; };
		90715B9E29DCC10200F533C3 /* Assets.xcassets in Resources */ = {isa = PBXBuildFile; fileRef = 90715B9D29DCC10200F533C3 /* Assets.xcassets */; };
		90715BA129DCC10200F533C3 /* Preview Assets.xcassets in Resources */ = {isa = PBXBuildFile; fileRef = 90715BA029DCC10200F533C3 /* Preview Assets.xcassets */; };
		90715BB029DCD5C400F533C3 /* Color+.swift in Sources */ = {isa = PBXBuildFile; fileRef = 90715BAF29DCD5C400F533C3 /* Color+.swift */; };
		90D0D2B929DE0D7E00332A54 /* Blur.swift in Sources */ = {isa = PBXBuildFile; fileRef = 90D0D2B829DE0D7E00332A54 /* Blur.swift */; };
		90D0D2BB29DE0EC700332A54 /* viewModifiers.swift in Sources */ = {isa = PBXBuildFile; fileRef = 90D0D2BA29DE0EC700332A54 /* viewModifiers.swift */; };
		90FBC3F029DDD3C40081B43C /* NPTabBar.swift in Sources */ = {isa = PBXBuildFile; fileRef = 90FBC3EF29DDD3C40081B43C /* NPTabBar.swift */; };
		90FBC3F329DDD8F10081B43C /* Shapes.swift in Sources */ = {isa = PBXBuildFile; fileRef = 90FBC3F229DDD8F10081B43C /* Shapes.swift */; };
		90FBC3F629DDE2730081B43C /* BottomSheet in Frameworks */ = {isa = PBXBuildFile; productRef = 90FBC3F529DDE2730081B43C /* BottomSheet */; };
		90FBC3F929DDE34B0081B43C /* BottomSheetSetup.swift in Sources */ = {isa = PBXBuildFile; fileRef = 90FBC3F829DDE34B0081B43C /* BottomSheetSetup.swift */; };
		90FBC3FE29DDE54B0081B43C /* ForecastView.swift in Sources */ = {isa = PBXBuildFile; fileRef = 90FBC3FD29DDE54B0081B43C /* ForecastView.swift */; };
/* End PBXBuildFile section */

/* Begin PBXFileReference section */
		900E743B29DF254600369FE3 /* SegmentedControl.swift */ = {isa = PBXFileReference; lastKnownFileType = sourcecode.swift; path = SegmentedControl.swift; sourceTree = "<group>"; };
		900E743D29DF3BAE00369FE3 /* ForecastModel.swift */ = {isa = PBXFileReference; lastKnownFileType = sourcecode.swift; path = ForecastModel.swift; sourceTree = "<group>"; };
		900E744129DF3F1000369FE3 /* ForecastCard.swift */ = {isa = PBXFileReference; lastKnownFileType = sourcecode.swift; path = ForecastCard.swift; sourceTree = "<group>"; };
		90271CE629DCD7B9002DB4CF /* HomeView.swift */ = {isa = PBXFileReference; lastKnownFileType = sourcecode.swift; path = HomeView.swift; sourceTree = "<group>"; };
		902C406629DF51F90048BCAC /* NPNavBar.swift */ = {isa = PBXFileReference; lastKnownFileType = sourcecode.swift; path = NPNavBar.swift; sourceTree = "<group>"; };
		902C406829DF54300048BCAC /* WeatherDetailView.swift */ = {isa = PBXFileReference; lastKnownFileType = sourcecode.swift; path = WeatherDetailView.swift; sourceTree = "<group>"; };
		902C406A29DF57F10048BCAC /* WeatherDetailWidget.swift */ = {isa = PBXFileReference; lastKnownFileType = sourcecode.swift; path = WeatherDetailWidget.swift; sourceTree = "<group>"; };
		90715B9629DCC10100F533C3 /* NorthPoleWeather.app */ = {isa = PBXFileReference; explicitFileType = wrapper.application; includeInIndex = 0; path = NorthPoleWeather.app; sourceTree = BUILT_PRODUCTS_DIR; };
		90715B9929DCC10100F533C3 /* NorthPoleWeatherApp.swift */ = {isa = PBXFileReference; lastKnownFileType = sourcecode.swift; path = NorthPoleWeatherApp.swift; sourceTree = "<group>"; };
		90715B9B29DCC10100F533C3 /* ContentView.swift */ = {isa = PBXFileReference; lastKnownFileType = sourcecode.swift; path = ContentView.swift; sourceTree = "<group>"; };
		90715B9D29DCC10200F533C3 /* Assets.xcassets */ = {isa = PBXFileReference; lastKnownFileType = folder.assetcatalog; path = Assets.xcassets; sourceTree = "<group>"; };
		90715BA029DCC10200F533C3 /* Preview Assets.xcassets */ = {isa = PBXFileReference; lastKnownFileType = folder.assetcatalog; path = "Preview Assets.xcassets"; sourceTree = "<group>"; };
		90715BAF29DCD5C400F533C3 /* Color+.swift */ = {isa = PBXFileReference; lastKnownFileType = sourcecode.swift; path = "Color+.swift"; sourceTree = "<group>"; };
		90D0D2B829DE0D7E00332A54 /* Blur.swift */ = {isa = PBXFileReference; lastKnownFileType = sourcecode.swift; path = Blur.swift; sourceTree = "<group>"; };
		90D0D2BA29DE0EC700332A54 /* viewModifiers.swift */ = {isa = PBXFileReference; lastKnownFileType = sourcecode.swift; path = viewModifiers.swift; sourceTree = "<group>"; };
		90FBC3EF29DDD3C40081B43C /* NPTabBar.swift */ = {isa = PBXFileReference; lastKnownFileType = sourcecode.swift; path = NPTabBar.swift; sourceTree = "<group>"; };
		90FBC3F229DDD8F10081B43C /* Shapes.swift */ = {isa = PBXFileReference; lastKnownFileType = sourcecode.swift; path = Shapes.swift; sourceTree = "<group>"; };
		90FBC3F829DDE34B0081B43C /* BottomSheetSetup.swift */ = {isa = PBXFileReference; lastKnownFileType = sourcecode.swift; path = BottomSheetSetup.swift; sourceTree = "<group>"; };
		90FBC3FD29DDE54B0081B43C /* ForecastView.swift */ = {isa = PBXFileReference; lastKnownFileType = sourcecode.swift; path = ForecastView.swift; sourceTree = "<group>"; };
/* End PBXFileReference section */

/* Begin PBXFrameworksBuildPhase section */
		90715B9329DCC10100F533C3 /* Frameworks */ = {
			isa = PBXFrameworksBuildPhase;
			buildActionMask = 2147483647;
			files = (
				90FBC3F629DDE2730081B43C /* BottomSheet in Frameworks */,
			);
			runOnlyForDeploymentPostprocessing = 0;
		};
/* End PBXFrameworksBuildPhase section */

/* Begin PBXGroup section */
		90715B8D29DCC10100F533C3 = {
			isa = PBXGroup;
			children = (
				90715B9829DCC10100F533C3 /* NorthPoleWeather */,
				90715B9729DCC10100F533C3 /* Products */,
			);
			sourceTree = "<group>";
		};
		90715B9729DCC10100F533C3 /* Products */ = {
			isa = PBXGroup;
			children = (
				90715B9629DCC10100F533C3 /* NorthPoleWeather.app */,
			);
			name = Products;
			sourceTree = "<group>";
		};
		90715B9829DCC10100F533C3 /* NorthPoleWeather */ = {
			isa = PBXGroup;
			children = (
				90715B9929DCC10100F533C3 /* NorthPoleWeatherApp.swift */,
				90715BA729DCD4EE00F533C3 /* Views */,
				90715BA829DCD4F800F533C3 /* Models */,
				90FBC3F129DDD8DF0081B43C /* Utils */,
				90715BA929DCD4FB00F533C3 /* Extensions */,
				90FBC3F729DDE30F0081B43C /* Packages */,
				90715B9D29DCC10200F533C3 /* Assets.xcassets */,
				90715B9F29DCC10200F533C3 /* Preview Content */,
			);
			path = NorthPoleWeather;
			sourceTree = "<group>";
		};
		90715B9F29DCC10200F533C3 /* Preview Content */ = {
			isa = PBXGroup;
			children = (
				90715BA029DCC10200F533C3 /* Preview Assets.xcassets */,
			);
			path = "Preview Content";
			sourceTree = "<group>";
		};
		90715BA729DCD4EE00F533C3 /* Views */ = {
			isa = PBXGroup;
			children = (
				90715BAA29DCD52D00F533C3 /* Main */,
				90715BAC29DCD54000F533C3 /* Navigation */,
				90715BAE29DCD55E00F533C3 /* Components */,
				90715BAD29DCD55100F533C3 /* Details */,
			);
			path = Views;
			sourceTree = "<group>";
		};
		90715BA829DCD4F800F533C3 /* Models */ = {
			isa = PBXGroup;
			children = (
				900E743D29DF3BAE00369FE3 /* ForecastModel.swift */,
			);
			path = Models;
			sourceTree = "<group>";
		};
		90715BA929DCD4FB00F533C3 /* Extensions */ = {
			isa = PBXGroup;
			children = (
				90715BAF29DCD5C400F533C3 /* Color+.swift */,
				90D0D2BA29DE0EC700332A54 /* viewModifiers.swift */,
			);
			path = Extensions;
			sourceTree = "<group>";
		};
		90715BAA29DCD52D00F533C3 /* Main */ = {
			isa = PBXGroup;
			children = (
				90715B9B29DCC10100F533C3 /* ContentView.swift */,
				90271CE629DCD7B9002DB4CF /* HomeView.swift */,
			);
			path = Main;
			sourceTree = "<group>";
		};
		90715BAC29DCD54000F533C3 /* Navigation */ = {
			isa = PBXGroup;
			children = (
				90FBC3EF29DDD3C40081B43C /* NPTabBar.swift */,
				902C406629DF51F90048BCAC /* NPNavBar.swift */,
			);
			path = Navigation;
			sourceTree = "<group>";
		};
		90715BAD29DCD55100F533C3 /* Details */ = {
			isa = PBXGroup;
			children = (
				90FBC3FD29DDE54B0081B43C /* ForecastView.swift */,
				902C406829DF54300048BCAC /* WeatherDetailView.swift */,
			);
			path = Details;
			sourceTree = "<group>";
		};
		90715BAE29DCD55E00F533C3 /* Components */ = {
			isa = PBXGroup;
			children = (
				90D0D2B829DE0D7E00332A54 /* Blur.swift */,
				900E744129DF3F1000369FE3 /* ForecastCard.swift */,
				900E743B29DF254600369FE3 /* SegmentedControl.swift */,
				902C406A29DF57F10048BCAC /* WeatherDetailWidget.swift */,
			);
			path = Components;
			sourceTree = "<group>";
		};
		90FBC3F129DDD8DF0081B43C /* Utils */ = {
			isa = PBXGroup;
			children = (
				90FBC3F229DDD8F10081B43C /* Shapes.swift */,
			);
			path = Utils;
			sourceTree = "<group>";
		};
		90FBC3F729DDE30F0081B43C /* Packages */ = {
			isa = PBXGroup;
			children = (
				90FBC3F829DDE34B0081B43C /* BottomSheetSetup.swift */,
			);
			path = Packages;
			sourceTree = "<group>";
		};
/* End PBXGroup section */

/* Begin PBXNativeTarget section */
		90715B9529DCC10100F533C3 /* NorthPoleWeather */ = {
			isa = PBXNativeTarget;
			buildConfigurationList = 90715BA429DCC10200F533C3 /* Build configuration list for PBXNativeTarget "NorthPoleWeather" */;
			buildPhases = (
				90715B9229DCC10100F533C3 /* Sources */,
				90715B9329DCC10100F533C3 /* Frameworks */,
				90715B9429DCC10100F533C3 /* Resources */,
			);
			buildRules = (
			);
			dependencies = (
			);
			name = NorthPoleWeather;
			packageProductDependencies = (
				90FBC3F529DDE2730081B43C /* BottomSheet */,
			);
			productName = NorthPoleWeather;
			productReference = 90715B9629DCC10100F533C3 /* NorthPoleWeather.app */;
			productType = "com.apple.product-type.application";
		};
/* End PBXNativeTarget section */

/* Begin PBXProject section */
		90715B8E29DCC10100F533C3 /* Project object */ = {
			isa = PBXProject;
			attributes = {
				BuildIndependentTargetsInParallel = 1;
				LastSwiftUpdateCheck = 1430;
				LastUpgradeCheck = 1430;
				TargetAttributes = {
					90715B9529DCC10100F533C3 = {
						CreatedOnToolsVersion = 14.3;
					};
				};
			};
			buildConfigurationList = 90715B9129DCC10100F533C3 /* Build configuration list for PBXProject "NorthPoleWeather" */;
			compatibilityVersion = "Xcode 14.0";
			developmentRegion = en;
			hasScannedForEncodings = 0;
			knownRegions = (
				en,
				Base,
			);
			mainGroup = 90715B8D29DCC10100F533C3;
			packageReferences = (
				90FBC3F429DDE2730081B43C /* XCRemoteSwiftPackageReference "BottomSheet" */,
			);
			productRefGroup = 90715B9729DCC10100F533C3 /* Products */;
			projectDirPath = "";
			projectRoot = "";
			targets = (
				90715B9529DCC10100F533C3 /* NorthPoleWeather */,
			);
		};
/* End PBXProject section */

/* Begin PBXResourcesBuildPhase section */
		90715B9429DCC10100F533C3 /* Resources */ = {
			isa = PBXResourcesBuildPhase;
			buildActionMask = 2147483647;
			files = (
				90715BA129DCC10200F533C3 /* Preview Assets.xcassets in Resources */,
				90715B9E29DCC10200F533C3 /* Assets.xcassets in Resources */,
			);
			runOnlyForDeploymentPostprocessing = 0;
		};
/* End PBXResourcesBuildPhase section */

/* Begin PBXSourcesBuildPhase section */
		90715B9229DCC10100F533C3 /* Sources */ = {
			isa = PBXSourcesBuildPhase;
			buildActionMask = 2147483647;
			files = (
				90715B9C29DCC10100F533C3 /* ContentView.swift in Sources */,
				90FBC3F929DDE34B0081B43C /* BottomSheetSetup.swift in Sources */,
				900E743C29DF254600369FE3 /* SegmentedControl.swift in Sources */,
				90FBC3F029DDD3C40081B43C /* NPTabBar.swift in Sources */,
				900E744229DF3F1000369FE3 /* ForecastCard.swift in Sources */,
				90271CE729DCD7B9002DB4CF /* HomeView.swift in Sources */,
				90715BB029DCD5C400F533C3 /* Color+.swift in Sources */,
				90D0D2BB29DE0EC700332A54 /* viewModifiers.swift in Sources */,
				90715B9A29DCC10100F533C3 /* NorthPoleWeatherApp.swift in Sources */,
				90D0D2B929DE0D7E00332A54 /* Blur.swift in Sources */,
				90FBC3F329DDD8F10081B43C /* Shapes.swift in Sources */,
				902C406B29DF57F10048BCAC /* WeatherDetailWidget.swift in Sources */,
				902C406729DF51F90048BCAC /* NPNavBar.swift in Sources */,
				902C406929DF54300048BCAC /* WeatherDetailView.swift in Sources */,
				900E743E29DF3BAE00369FE3 /* ForecastModel.swift in Sources */,
				90FBC3FE29DDE54B0081B43C /* ForecastView.swift in Sources */,
			);
			runOnlyForDeploymentPostprocessing = 0;
		};
/* End PBXSourcesBuildPhase section */

/* Begin XCBuildConfiguration section */
		90715BA229DCC10200F533C3 /* Debug */ = {
			isa = XCBuildConfiguration;
			buildSettings = {
				ALWAYS_SEARCH_USER_PATHS = NO;
				CLANG_ANALYZER_NONNULL = YES;
				CLANG_ANALYZER_NUMBER_OBJECT_CONVERSION = YES_AGGRESSIVE;
				CLANG_CXX_LANGUAGE_STANDARD = "gnu++20";
				CLANG_ENABLE_MODULES = YES;
				CLANG_ENABLE_OBJC_ARC = YES;
				CLANG_ENABLE_OBJC_WEAK = YES;
				CLANG_WARN_BLOCK_CAPTURE_AUTORELEASING = YES;
				CLANG_WARN_BOOL_CONVERSION = YES;
				CLANG_WARN_COMMA = YES;
				CLANG_WARN_CONSTANT_CONVERSION = YES;
				CLANG_WARN_DEPRECATED_OBJC_IMPLEMENTATIONS = YES;
				CLANG_WARN_DIRECT_OBJC_ISA_USAGE = YES_ERROR;
				CLANG_WARN_DOCUMENTATION_COMMENTS = YES;
				CLANG_WARN_EMPTY_BODY = YES;
				CLANG_WARN_ENUM_CONVERSION = YES;
				CLANG_WARN_INFINITE_RECURSION = YES;
				CLANG_WARN_INT_CONVERSION = YES;
				CLANG_WARN_NON_LITERAL_NULL_CONVERSION = YES;
				CLANG_WARN_OBJC_IMPLICIT_RETAIN_SELF = YES;
				CLANG_WARN_OBJC_LITERAL_CONVERSION = YES;
				CLANG_WARN_OBJC_ROOT_CLASS = YES_ERROR;
				CLANG_WARN_QUOTED_INCLUDE_IN_FRAMEWORK_HEADER = YES;
				CLANG_WARN_RANGE_LOOP_ANALYSIS = YES;
				CLANG_WARN_STRICT_PROTOTYPES = YES;
				CLANG_WARN_SUSPICIOUS_MOVE = YES;
				CLANG_WARN_UNGUARDED_AVAILABILITY = YES_AGGRESSIVE;
				CLANG_WARN_UNREACHABLE_CODE = YES;
				CLANG_WARN__DUPLICATE_METHOD_MATCH = YES;
				COPY_PHASE_STRIP = NO;
				DEBUG_INFORMATION_FORMAT = dwarf;
				ENABLE_STRICT_OBJC_MSGSEND = YES;
				ENABLE_TESTABILITY = YES;
				GCC_C_LANGUAGE_STANDARD = gnu11;
				GCC_DYNAMIC_NO_PIC = NO;
				GCC_NO_COMMON_BLOCKS = YES;
				GCC_OPTIMIZATION_LEVEL = 0;
				GCC_PREPROCESSOR_DEFINITIONS = (
					"DEBUG=1",
					"$(inherited)",
				);
				GCC_WARN_64_TO_32_BIT_CONVERSION = YES;
				GCC_WARN_ABOUT_RETURN_TYPE = YES_ERROR;
				GCC_WARN_UNDECLARED_SELECTOR = YES;
				GCC_WARN_UNINITIALIZED_AUTOS = YES_AGGRESSIVE;
				GCC_WARN_UNUSED_FUNCTION = YES;
				GCC_WARN_UNUSED_VARIABLE = YES;
				IPHONEOS_DEPLOYMENT_TARGET = 16.4;
				MTL_ENABLE_DEBUG_INFO = INCLUDE_SOURCE;
				MTL_FAST_MATH = YES;
				ONLY_ACTIVE_ARCH = YES;
				SDKROOT = iphoneos;
				SWIFT_ACTIVE_COMPILATION_CONDITIONS = DEBUG;
				SWIFT_OPTIMIZATION_LEVEL = "-Onone";
			};
			name = Debug;
		};
		90715BA329DCC10200F533C3 /* Release */ = {
			isa = XCBuildConfiguration;
			buildSettings = {
				ALWAYS_SEARCH_USER_PATHS = NO;
				CLANG_ANALYZER_NONNULL = YES;
				CLANG_ANALYZER_NUMBER_OBJECT_CONVERSION = YES_AGGRESSIVE;
				CLANG_CXX_LANGUAGE_STANDARD = "gnu++20";
				CLANG_ENABLE_MODULES = YES;
				CLANG_ENABLE_OBJC_ARC = YES;
				CLANG_ENABLE_OBJC_WEAK = YES;
				CLANG_WARN_BLOCK_CAPTURE_AUTORELEASING = YES;
				CLANG_WARN_BOOL_CONVERSION = YES;
				CLANG_WARN_COMMA = YES;
				CLANG_WARN_CONSTANT_CONVERSION = YES;
				CLANG_WARN_DEPRECATED_OBJC_IMPLEMENTATIONS = YES;
				CLANG_WARN_DIRECT_OBJC_ISA_USAGE = YES_ERROR;
				CLANG_WARN_DOCUMENTATION_COMMENTS = YES;
				CLANG_WARN_EMPTY_BODY = YES;
				CLANG_WARN_ENUM_CONVERSION = YES;
				CLANG_WARN_INFINITE_RECURSION = YES;
				CLANG_WARN_INT_CONVERSION = YES;
				CLANG_WARN_NON_LITERAL_NULL_CONVERSION = YES;
				CLANG_WARN_OBJC_IMPLICIT_RETAIN_SELF = YES;
				CLANG_WARN_OBJC_LITERAL_CONVERSION = YES;
				CLANG_WARN_OBJC_ROOT_CLASS = YES_ERROR;
				CLANG_WARN_QUOTED_INCLUDE_IN_FRAMEWORK_HEADER = YES;
				CLANG_WARN_RANGE_LOOP_ANALYSIS = YES;
				CLANG_WARN_STRICT_PROTOTYPES = YES;
				CLANG_WARN_SUSPICIOUS_MOVE = YES;
				CLANG_WARN_UNGUARDED_AVAILABILITY = YES_AGGRESSIVE;
				CLANG_WARN_UNREACHABLE_CODE = YES;
				CLANG_WARN__DUPLICATE_METHOD_MATCH = YES;
				COPY_PHASE_STRIP = NO;
				DEBUG_INFORMATION_FORMAT = "dwarf-with-dsym";
				ENABLE_NS_ASSERTIONS = NO;
				ENABLE_STRICT_OBJC_MSGSEND = YES;
				GCC_C_LANGUAGE_STANDARD = gnu11;
				GCC_NO_COMMON_BLOCKS = YES;
				GCC_WARN_64_TO_32_BIT_CONVERSION = YES;
				GCC_WARN_ABOUT_RETURN_TYPE = YES_ERROR;
				GCC_WARN_UNDECLARED_SELECTOR = YES;
				GCC_WARN_UNINITIALIZED_AUTOS = YES_AGGRESSIVE;
				GCC_WARN_UNUSED_FUNCTION = YES;
				GCC_WARN_UNUSED_VARIABLE = YES;
				IPHONEOS_DEPLOYMENT_TARGET = 16.4;
				MTL_ENABLE_DEBUG_INFO = NO;
				MTL_FAST_MATH = YES;
				SDKROOT = iphoneos;
				SWIFT_COMPILATION_MODE = wholemodule;
				SWIFT_OPTIMIZATION_LEVEL = "-O";
				VALIDATE_PRODUCT = YES;
			};
			name = Release;
		};
		90715BA529DCC10200F533C3 /* Debug */ = {
			isa = XCBuildConfiguration;
			buildSettings = {
				ASSETCATALOG_COMPILER_APPICON_NAME = AppIcon;
				ASSETCATALOG_COMPILER_GLOBAL_ACCENT_COLOR_NAME = AccentColor;
				CODE_SIGN_STYLE = Automatic;
				CURRENT_PROJECT_VERSION = 1;
				DEVELOPMENT_ASSET_PATHS = "\"NorthPoleWeather/Preview Content\"";
				DEVELOPMENT_TEAM = S87U79A5HD;
				ENABLE_PREVIEWS = YES;
				GENERATE_INFOPLIST_FILE = YES;
				INFOPLIST_KEY_UIApplicationSceneManifest_Generation = YES;
				INFOPLIST_KEY_UIApplicationSupportsIndirectInputEvents = YES;
				INFOPLIST_KEY_UILaunchScreen_Generation = YES;
				INFOPLIST_KEY_UISupportedInterfaceOrientations_iPad = "UIInterfaceOrientationPortrait UIInterfaceOrientationPortraitUpsideDown UIInterfaceOrientationLandscapeLeft UIInterfaceOrientationLandscapeRight";
				INFOPLIST_KEY_UISupportedInterfaceOrientations_iPhone = "UIInterfaceOrientationPortrait UIInterfaceOrientationLandscapeLeft UIInterfaceOrientationLandscapeRight";
				LD_RUNPATH_SEARCH_PATHS = (
					"$(inherited)",
					"@executable_path/Frameworks",
				);
				MARKETING_VERSION = 1.0;
				PRODUCT_BUNDLE_IDENTIFIER = skyplanet.NorthPoleWeather;
				PRODUCT_NAME = "$(TARGET_NAME)";
				SWIFT_EMIT_LOC_STRINGS = YES;
				SWIFT_VERSION = 5.0;
				TARGETED_DEVICE_FAMILY = "1,2";
			};
			name = Debug;
		};
		90715BA629DCC10200F533C3 /* Release */ = {
			isa = XCBuildConfiguration;
			buildSettings = {
				ASSETCATALOG_COMPILER_APPICON_NAME = AppIcon;
				ASSETCATALOG_COMPILER_GLOBAL_ACCENT_COLOR_NAME = AccentColor;
				CODE_SIGN_STYLE = Automatic;
				CURRENT_PROJECT_VERSION = 1;
				DEVELOPMENT_ASSET_PATHS = "\"NorthPoleWeather/Preview Content\"";
				DEVELOPMENT_TEAM = S87U79A5HD;
				ENABLE_PREVIEWS = YES;
				GENERATE_INFOPLIST_FILE = YES;
				INFOPLIST_KEY_UIApplicationSceneManifest_Generation = YES;
				INFOPLIST_KEY_UIApplicationSupportsIndirectInputEvents = YES;
				INFOPLIST_KEY_UILaunchScreen_Generation = YES;
				INFOPLIST_KEY_UISupportedInterfaceOrientations_iPad = "UIInterfaceOrientationPortrait UIInterfaceOrientationPortraitUpsideDown UIInterfaceOrientationLandscapeLeft UIInterfaceOrientationLandscapeRight";
				INFOPLIST_KEY_UISupportedInterfaceOrientations_iPhone = "UIInterfaceOrientationPortrait UIInterfaceOrientationLandscapeLeft UIInterfaceOrientationLandscapeRight";
				LD_RUNPATH_SEARCH_PATHS = (
					"$(inherited)",
					"@executable_path/Frameworks",
				);
				MARKETING_VERSION = 1.0;
				PRODUCT_BUNDLE_IDENTIFIER = skyplanet.NorthPoleWeather;
				PRODUCT_NAME = "$(TARGET_NAME)";
				SWIFT_EMIT_LOC_STRINGS = YES;
				SWIFT_VERSION = 5.0;
				TARGETED_DEVICE_FAMILY = "1,2";
			};
			name = Release;
		};
/* End XCBuildConfiguration section */

/* Begin XCConfigurationList section */
		90715B9129DCC10100F533C3 /* Build configuration list for PBXProject "NorthPoleWeather" */ = {
			isa = XCConfigurationList;
			buildConfigurations = (
				90715BA229DCC10200F533C3 /* Debug */,
				90715BA329DCC10200F533C3 /* Release */,
			);
			defaultConfigurationIsVisible = 0;
			defaultConfigurationName = Release;
		};
		90715BA429DCC10200F533C3 /* Build configuration list for PBXNativeTarget "NorthPoleWeather" */ = {
			isa = XCConfigurationList;
			buildConfigurations = (
				90715BA529DCC10200F533C3 /* Debug */,
				90715BA629DCC10200F533C3 /* Release */,
			);
			defaultConfigurationIsVisible = 0;
			defaultConfigurationName = Release;
		};
/* End XCConfigurationList section */

/* Begin XCRemoteSwiftPackageReference section */
		90FBC3F429DDE2730081B43C /* XCRemoteSwiftPackageReference "BottomSheet" */ = {
			isa = XCRemoteSwiftPackageReference;
			repositoryURL = "https://github.com/Wouter125/BottomSheet";
			requirement = {
				kind = upToNextMajorVersion;
				minimumVersion = 1.0.0;
			};
		};
/* End XCRemoteSwiftPackageReference section */

/* Begin XCSwiftPackageProductDependency section */
		90FBC3F529DDE2730081B43C /* BottomSheet */ = {
			isa = XCSwiftPackageProductDependency;
			package = 90FBC3F429DDE2730081B43C /* XCRemoteSwiftPackageReference "BottomSheet" */;
			productName = BottomSheet;
		};
/* End XCSwiftPackageProductDependency section */
	};
	rootObject = 90715B8E29DCC10100F533C3 /* Project object */;
}
